
Microsoft Visual Studio Solution File, Format Version 12.00
# Visual Studio Version 16
VisualStudioVersion = 16.0.29324.140
MinimumVisualStudioVersion = 10.0.40219.1
Project("{FAE04EC0-301F-11D3-BF4B-00C04F79EFBC}") = "PartyCodding", "PartyCodding\PartyCodding.csproj", "{D0201119-5FC6-41BB-A6D0-2A2BD5F8608D}"
EndProject
Global
	GlobalSection(SolutionConfigurationPlatforms) = preSolution
		Debug|Any CPU = Debug|Any CPU
		Release|Any CPU = Release|Any CPU
	EndGlobalSection
	GlobalSection(ProjectConfigurationPlatforms) = postSolution
		{D0201119-5FC6-41BB-A6D0-2A2BD5F8608D}.Debug|Any CPU.ActiveCfg = Debug|Any CPU
		{D0201119-5FC6-41BB-A6D0-2A2BD5F8608D}.Debug|Any CPU.Build.0 = Debug|Any CPU
		{D0201119-5FC6-41BB-A6D0-2A2BD5F8608D}.Release|Any CPU.ActiveCfg = Release|Any CPU
		{D0201119-5FC6-41BB-A6D0-2A2BD5F8608D}.Release|Any CPU.Build.0 = Release|Any CPU
	EndGlobalSection
	GlobalSection(SolutionProperties) = preSolution
		HideSolutionNode = FALSE
	EndGlobalSection
	GlobalSection(ExtensibilityGlobals) = postSolution
		SolutionGuid = {E109991E-2E96-4587-B372-5FB31C77B569}
	EndGlobalSection
EndGlobal
